
Microsoft Visual Studio Solution File, Format Version 12.00
# Visual Studio Version 17
VisualStudioVersion = 17.3.32804.467
MinimumVisualStudioVersion = 10.0.40219.1
Project("{8BC9CEB8-8B4A-11D0-8D11-00A0C91BC942}") = "VEngine", "VEngine\VEngine.vcxproj", "{06F17222-BBAD-453D-B1B8-096E2C5F7501}"
EndProject
Global
	GlobalSection(SolutionConfigurationPlatforms) = preSolution
		Debug|x64 = Debug|x64
		Debug|x86 = Debug|x86
		Release|x64 = Release|x64
		Release|x86 = Release|x86
	EndGlobalSection
	GlobalSection(ProjectConfigurationPlatforms) = postSolution
		{06F17222-BBAD-453D-B1B8-096E2C5F7501}.Debug|x64.ActiveCfg = Debug|x64
		{06F17222-BBAD-453D-B1B8-096E2C5F7501}.Debug|x64.Build.0 = Debug|x64
		{06F17222-BBAD-453D-B1B8-096E2C5F7501}.Debug|x86.ActiveCfg = Debug|x64
		{06F17222-BBAD-453D-B1B8-096E2C5F7501}.Debug|x86.Build.0 = Debug|x64
		{06F17222-BBAD-453D-B1B8-096E2C5F7501}.Release|x64.ActiveCfg = Release|x64
		{06F17222-BBAD-453D-B1B8-096E2C5F7501}.Release|x64.Build.0 = Release|x64
		{06F17222-BBAD-453D-B1B8-096E2C5F7501}.Release|x86.ActiveCfg = Release|x64
		{06F17222-BBAD-453D-B1B8-096E2C5F7501}.Release|x86.Build.0 = Release|x64
	EndGlobalSection
	GlobalSection(SolutionProperties) = preSolution
		HideSolutionNode = FALSE
	EndGlobalSection
	GlobalSection(ExtensibilityGlobals) = postSolution
		SolutionGuid = {BE999B6B-A144-4746-B909-5D0706B90FC4}
	EndGlobalSection
EndGlobal
