<?xml version="1.0" encoding="utf-8"?>
<Project ToolsVersion="4.0" xmlns="http://schemas.microsoft.com/developer/msbuild/2003">
  <ItemGroup>
    <Filter Include="Source Files">
      <UniqueIdentifier>{4FC737F1-C7A5-4376-A066-2A32D752A2FF}</UniqueIdentifier>
      <Extensions>cpp;c;cc;cxx;def;odl;idl;hpj;bat;asm;asmx</Extensions>
    </Filter>
    <Filter Include="Header Files">
      <UniqueIdentifier>{93995380-89BD-4b04-88EB-625FBE52EBFB}</UniqueIdentifier>
      <Extensions>h;hh;hpp;hxx;hm;inl;inc;xsd</Extensions>
    </Filter>
    <Filter Include="Resource Files">
      <UniqueIdentifier>{67DA6AB6-F800-4c08-8B7A-83BB121AAD01}</UniqueIdentifier>
      <Extensions>qrc;rc;ico;cur;bmp;dlg;rc2;rct;bin;rgs;gif;jpg;jpeg;jpe;resx;tiff;tif;png;wav;mfcribbon-ms</Extensions>
    </Filter>
    <Filter Include="Form Files">
      <UniqueIdentifier>{99349809-55BA-4b9d-BF79-8FDBB0286EB3}</UniqueIdentifier>
      <Extensions>ui</Extensions>
    </Filter>
    <Filter Include="Translation Files">
      <UniqueIdentifier>{639EADAA-A684-42e4-A9AD-28FC9BCB8F7C}</UniqueIdentifier>
      <Extensions>ts</Extensions>
    </Filter>
  </ItemGroup>
  <ItemGroup>
    <ClCompile Include="Code\Editor\imgui\backends\imgui_impl_win32.cpp">
      <Filter>Source Files</Filter>
    </ClCompile>
    <ClCompile Include="Code\Editor\imgui\backends\imgui_impl_dx11.cpp">
      <Filter>Source Files</Filter>
    </ClCompile>
    <ClCompile Include="Code\Render\Renderer.cpp">
      <Filter>Source Files</Filter>
    </ClCompile>
    <ClCompile Include="Code\Engine.cpp">
      <Filter>Source Files</Filter>
    </ClCompile>
    <ClCompile Include="Code\Core.cpp">
      <Filter>Source Files</Filter>
    </ClCompile>
    <ClCompile Include="Code\Editor\DebugMenu.cpp">
      <Filter>Source Files</Filter>
    </ClCompile>
    <ClCompile Include="Code\Asset\FBXImporter.cpp">
      <Filter>Source Files</Filter>
    </ClCompile>
    <ClCompile Include="Code\Input.cpp">
      <Filter>Source Files</Filter>
    </ClCompile>
    <ClCompile Include="Code\Profile.cpp">
      <Filter>Source Files</Filter>
    </ClCompile>
    <ClCompile Include="Code\Serialiser.cpp">
      <Filter>Source Files</Filter>
    </ClCompile>
    <ClCompile Include="Code\TimerSystem.cpp">
      <Filter>Source Files</Filter>
    </ClCompile>
    <ClCompile Include="Code\Transform.cpp">
      <Filter>Source Files</Filter>
    </ClCompile>
    <ClCompile Include="Code\Editor\TransformGizmo.cpp">
      <Filter>Source Files</Filter>
    </ClCompile>
    <ClCompile Include="Code\Physics\Raycast.cpp">
      <Filter>Source Files</Filter>
    </ClCompile>
    <ClCompile Include="Code\WorldEditor.cpp">
      <Filter>Source Files</Filter>
    </ClCompile>
    <ClCompile Include="Code\UI\UISystem.cpp">
      <Filter>Source Files</Filter>
    </ClCompile>
    <ClCompile Include="Code\Editor\AssetDock.cpp">
      <Filter>Source Files</Filter>
    </ClCompile>
    <ClCompile Include="Code\Editor\LogDock.cpp">
      <Filter>Source Files</Filter>
    </ClCompile>
    <ClCompile Include="Code\Editor\EditorMainWindow.cpp">
      <Filter>Source Files</Filter>
    </ClCompile>
    <ClCompile Include="Code\Editor\QtEditor.cpp">
      <Filter>Source Files</Filter>
    </ClCompile>
    <ClCompile Include="Code\Editor\RenderViewWidget.cpp">
      <Filter>Source Files</Filter>
    </ClCompile>
    <ClCompile Include="Code\Editor\Win32Editor.cpp">
      <Filter>Source Files</Filter>
    </ClCompile>
    <ClCompile Include="Code\Editor\WorldDock.cpp">
      <Filter>Source Files</Filter>
    </ClCompile>
    <ClCompile Include="Code\Audio\AudioSystem.cpp">
      <Filter>Source Files</Filter>
    </ClCompile>
    <ClCompile Include="Code\Editor\Console.cpp">
      <Filter>Source Files</Filter>
    </ClCompile>
    <ClCompile Include="Code\Editor\PropertiesDock.cpp">
      <Filter>Source Files</Filter>
    </ClCompile>
    <ClCompile Include="Code\VMath.cpp">
      <Filter>Source Files</Filter>
    </ClCompile>
    <ClCompile Include="Code\Editor\ToolbarDock.cpp">
      <Filter>Source Files</Filter>
    </ClCompile>
    <ClCompile Include="Code\World.cpp">
      <Filter>Source Files</Filter>
    </ClCompile>
    <ClCompile Include="Code\Commands\CommandSystem.cpp">
      <Filter>Source Files</Filter>
    </ClCompile>
    <ClCompile Include="Code\Components\MeshComponent.cpp">
      <Filter>Source Files</Filter>
    </ClCompile>
    <ClCompile Include="Code\Render\ShaderSystem.cpp">
      <Filter>Source Files</Filter>
    </ClCompile>
    <ClCompile Include="Code\Debug.cpp">
      <Filter>Source Files</Filter>
    </ClCompile>
    <ClCompile Include="Code\Camera.cpp">
      <Filter>Source Files</Filter>
    </ClCompile>
    <ClCompile Include="Code\Editor\ImGuizmo\ImGuizmo.cpp">
      <Filter>Source Files</Filter>
    </ClCompile>
    <ClCompile Include="Code\Editor\imgui\imgui.cpp">
      <Filter>Source Files</Filter>
    </ClCompile>
    <ClCompile Include="Code\Editor\imgui\imgui_draw.cpp">
      <Filter>Source Files</Filter>
    </ClCompile>
    <ClCompile Include="Code\Editor\imgui\imgui_tables.cpp">
      <Filter>Source Files</Filter>
    </ClCompile>
    <ClCompile Include="Code\Editor\imgui\imgui_widgets.cpp">
      <Filter>Source Files</Filter>
    </ClCompile>
    <ClCompile Include="Code\Editor\Editor.cpp">
      <Filter>Source Files</Filter>
    </ClCompile>
    <ClCompile Include="Code\Actors\Actor.cpp">
      <Filter>Source Files</Filter>
    </ClCompile>
    <ClCompile Include="Code\Editor\PropertyWidgets\BoolWidget.cpp">
      <Filter>Source Files</Filter>
    </ClCompile>
    <ClCompile Include="Code\Editor\PropertyWidgets\Float3Widget.cpp">
      <Filter>Source Files</Filter>
    </ClCompile>
    <ClCompile Include="Code\Editor\PropertyWidgets\FloatWidget.cpp">
      <Filter>Source Files</Filter>
    </ClCompile>
    <ClCompile Include="Code\Editor\PropertyWidgets\IntWidget.cpp">
      <Filter>Source Files</Filter>
    </ClCompile>
    <ClCompile Include="Code\Editor\PropertyWidgets\VectorWidget.cpp">
      <Filter>Source Files</Filter>
    </ClCompile>
    <ClCompile Include="Code\Animation\AnimationStructures.cpp">
      <Filter>Source Files</Filter>
    </ClCompile>
    <ClCompile Include="Code\UI\Widget.cpp">
      <Filter>Source Files</Filter>
    </ClCompile>
    <ClCompile Include="Code\Actors\ActorSystemCache.cpp">
      <Filter>Source Files</Filter>
    </ClCompile>
    <ClCompile Include="Code\VString.cpp">
      <Filter>Source Files</Filter>
    </ClCompile>
    <ClCompile Include="Code\Components\SpatialComponent.cpp">
      <Filter>Source Files</Filter>
    </ClCompile>
    <ClCompile Include="Code\DebugActors\DebugBox.cpp">
      <Filter>Source Files</Filter>
    </ClCompile>
    <ClCompile Include="Code\FileSystem.cpp">
      <Filter>Source Files</Filter>
    </ClCompile>
    <ClCompile Include="Code\Components\InstanceMeshComponent.cpp">
      <Filter>Source Files</Filter>
    </ClCompile>
    <ClCompile Include="Code\Editor\PropertyWidgets\SpinBox.cpp">
      <Filter>Source Files</Filter>
    </ClCompile>
    <ClCompile Include="Code\Actors\MeshActor.cpp">
      <Filter>Source Files</Filter>
    </ClCompile>
    <ClCompile Include="Code\Components\ComponentSystemCache.cpp">
      <Filter>Source Files</Filter>
    </ClCompile>
    <ClCompile Include="Code\Editor\SystemDock.cpp">
      <Filter>Source Files</Filter>
    </ClCompile>
    <ClCompile Include="Code\Editor\PropertyWidgets\StringWidget.cpp">
      <Filter>Source Files</Filter>
    </ClCompile>
    <ClCompile Include="Code\Components\BoxTriggerComponent.cpp">
      <Filter>Source Files</Filter>
    </ClCompile>
    <ClCompile Include="Code\Render\PipelineObjects.cpp">
      <Filter>Source Files</Filter>
    </ClCompile>
    <ClCompile Include="Code\Render\Material.cpp">
      <Filter>Source Files</Filter>
    </ClCompile>
    <ClCompile Include="Code\Render\TextureSystem.cpp">
      <Filter>Source Files</Filter>
    </ClCompile>
    <ClCompile Include="Code\Render\RenderUtils.cpp">
      <Filter>Source Files</Filter>
    </ClCompile>
    <ClCompile Include="Code\Render\MaterialSystem.cpp">
      <Filter>Source Files</Filter>
    </ClCompile>
    <ClCompile Include="Code\Render\RenderTypes.cpp">
      <Filter>Source Files</Filter>
    </ClCompile>
    <ClCompile Include="Code\Editor\PropertyWidgets\Float2Widget.cpp">
      <Filter>Source Files</Filter>
    </ClCompile>
    <ClCompile Include="Code\Components\Lights\DirectionalLightComponent.cpp">
      <Filter>Source Files</Filter>
    </ClCompile>
    <ClCompile Include="Code\Actors\DirectionalLightActor.cpp">
      <Filter>Source Files</Filter>
    </ClCompile>
    <ClCompile Include="Code\DebugActors\DebugSphere.cpp">
      <Filter>Source Files</Filter>
    </ClCompile>
    <ClCompile Include="Code\Editor\PropertyWidgets\Float4Widget.cpp">
      <Filter>Source Files</Filter>
    </ClCompile>
    <ClCompile Include="Code\Components\Lights\PointLightComponent.cpp">
      <Filter>Source Files</Filter>
    </ClCompile>
    <ClCompile Include="Code\DebugActors\DebugIcoSphere.cpp">
      <Filter>Source Files</Filter>
    </ClCompile>
    <ClCompile Include="Code\Actors\PointLightActor.cpp">
      <Filter>Source Files</Filter>
    </ClCompile>
    <ClCompile Include="Code\Components\Lights\SpotLightComponent.cpp">
      <Filter>Source Files</Filter>
    </ClCompile>
    <ClCompile Include="Code\Actors\SpotLightActor.cpp">
      <Filter>Source Files</Filter>
    </ClCompile>
    <ClCompile Include="Code\DebugActors\DebugCone.cpp">
      <Filter>Source Files</Filter>
    </ClCompile>
    <ClCompile Include="Code\Actors\Player.cpp">
      <Filter>Source Files</Filter>
    </ClCompile>
    <ClCompile Include="Code\GameUtils.cpp">
      <Filter>Source Files</Filter>
    </ClCompile>
    <ClCompile Include="Code\Editor\PropertyWidgets\Texture2DWidget.cpp">
      <Filter>Source Files</Filter>
    </ClCompile>
    <ClCompile Include="Code\Actors\EntranceTrigger.cpp">
      <Filter>Source Files</Filter>
    </ClCompile>
    <ClCompile Include="Code\DebugActors\DebugCamera.cpp">
      <Filter>Source Files</Filter>
    </ClCompile>
    <ClCompile Include="Code\Render\ShadowMap.cpp">
      <Filter>Source Files</Filter>
    </ClCompile>
    <ClCompile Include="Code\Components\DialogueComponent.cpp">
      <Filter>Source Files</Filter>
    </ClCompile>
    <ClCompile Include="Code\Actors\InteractTrigger.cpp">
      <Filter>Source Files</Filter>
    </ClCompile>
    <ClCompile Include="Code\Editor\DialogueDock.cpp">
      <Filter>Source Files</Filter>
    </ClCompile>
    <ClCompile Include="Code\Actors\NPC.cpp">
      <Filter>Source Files</Filter>
    </ClCompile>
    <ClCompile Include="Code\DialogueStructures.cpp">
      <Filter>Source Files</Filter>
    </ClCompile>
    <ClCompile Include="Code\Actors\DialogueInstance.cpp">
      <Filter>Source Files</Filter>
    </ClCompile>
    <ClCompile Include="Code\Components\EmptyComponent.cpp">
      <Filter>Source Files</Filter>
    </ClCompile>
    <ClCompile Include="Code\Components\WidgetComponent.cpp">
      <Filter>Source Files</Filter>
    </ClCompile>
    <ClCompile Include="Code\UI\SpriteSystem.cpp">
      <Filter>Source Files</Filter>
    </ClCompile>
    <ClCompile Include="Code\Actors\Billboard.cpp">
      <Filter>Source Files</Filter>
    </ClCompile>
    <ClCompile Include="Code\Actors\BattleGrid.cpp">
      <Filter>Source Files</Filter>
    </ClCompile>
    <ClCompile Include="Code\Actors\Unit.cpp">
      <Filter>Source Files</Filter>
    </ClCompile>
    <ClCompile Include="Code\Audio\AudioBase.cpp">
      <Filter>Source Files</Filter>
    </ClCompile>
    <ClCompile Include="Code\Audio\AudioChannel.cpp">
      <Filter>Source Files</Filter>
    </ClCompile>
    <ClCompile Include="Code\Components\AudioComponent.cpp">
      <Filter>Source Files</Filter>
    </ClCompile>
    <ClCompile Include="Code\Actors\AudioActor.cpp">
      <Filter>Source Files</Filter>
    </ClCompile>
    <ClCompile Include="Code\Actors\SavePoint.cpp">
      <Filter>Source Files</Filter>
    </ClCompile>
    <ClCompile Include="Code\Actors\GameEvent.cpp">
      <Filter>Source Files</Filter>
    </ClCompile>
    <ClCompile Include="Code\Editor\PropertyWidgets\ActorListWidget.cpp">
      <Filter>Source Files</Filter>
    </ClCompile>
    <ClCompile Include="Code\VMemory.cpp">
      <Filter>Source Files</Filter>
    </ClCompile>
    <ClCompile Include="Code\System.cpp">
      <Filter>Source Files</Filter>
    </ClCompile>
    <ClCompile Include="Code\SystemCache.cpp">
      <Filter>Source Files</Filter>
    </ClCompile>
    <ClCompile Include="Code\ConditionSystem.cpp">
      <Filter>Source Files</Filter>
    </ClCompile>
    <ClCompile Include="Code\Asset\AssetSystem.cpp">
      <Filter>Source Files</Filter>
    </ClCompile>
    <ClCompile Include="Code\ThreadSystem.cpp">
      <Filter>Source Files</Filter>
    </ClCompile>
    <ClCompile Include="Code\Editor\PropertyWidgets\TransformWidget.cpp">
      <Filter>Source Files</Filter>
    </ClCompile>
    <ClCompile Include="Code\Particle\ParticleEmitter.cpp">
      <Filter>Source Files</Filter>
    </ClCompile>
    <ClCompile Include="Code\Particle\ParticleSystem.cpp">
      <Filter>Source Files</Filter>
    </ClCompile>
  </ItemGroup>
  <ItemGroup>
    <ClCompile Include="Code\main.cpp">
      <Filter>Source Files</Filter>
    </ClCompile>
  </ItemGroup>
  <ItemGroup>
    <ClInclude Include="Code\Editor\imgui_forward_declare.h">
      <Filter>Header Files</Filter>
    </ClInclude>
    <ClInclude Include="Code\Editor\imgui\backends\imgui_impl_win32.h">
      <Filter>Header Files</Filter>
    </ClInclude>
    <ClInclude Include="Code\Editor\imgui\backends\imgui_impl_dx11.h">
      <Filter>Header Files</Filter>
    </ClInclude>
    <ClInclude Include="Code\Render\PipelineObjects.h" />
    <ClInclude Include="Code\Render\Renderer.h" />
    <ClInclude Include="Code\Render\RenderTypes.h" />
    <ClInclude Include="Code\Render\ShaderSystem.h" />
    <ClInclude Include="Code\Physics\Raycast.h" />
    <ClInclude Include="Code\Editor\AssetDock.h" />
    <ClInclude Include="Code\Editor\Console.h" />
    <ClInclude Include="Code\Editor\DebugMenu.h" />
    <ClInclude Include="Code\Editor\Editor.h" />
    <ClInclude Include="Code\Editor\EditorMainWindow.h" />
    <ClInclude Include="Code\Editor\IEditor.h" />
    <ClInclude Include="Code\Editor\LogDock.h" />
    <ClInclude Include="Code\Editor\PropertiesDock.h" />
    <ClInclude Include="Code\Editor\QtEditor.h" />
    <ClInclude Include="Code\Editor\RenderViewWidget.h" />
    <ClInclude Include="Code\Editor\ToolbarDock.h" />
    <ClInclude Include="Code\Editor\Win32Editor.h" />
    <ClInclude Include="Code\Editor\WorldDock.h" />
    <ClInclude Include="Code\Components\Component.h" />
    <ClInclude Include="Code\Components\ComponentSystem.h" />
    <ClInclude Include="Code\Components\IComponentSystem.h" />
    <ClInclude Include="Code\Components\MeshComponent.h" />
    <ClInclude Include="Code\Commands\CommandSystem.h" />
    <ClInclude Include="Code\Commands\Command.h" />
    <ClInclude Include="Code\Commands\ICommand.h" />
    <ClInclude Include="Code\Audio\AudioSystem.h" />
    <ClInclude Include="Code\Actors\Actor.h" />
    <ClInclude Include="Code\Actors\ActorSystem.h" />
    <ClInclude Include="Code\Actors\ActorSystemCache.h" />
    <ClInclude Include="Code\Actors\IActorSystem.h" />
    <ClInclude Include="Code\Camera.h" />
    <ClInclude Include="Code\Core.h" />
    <ClInclude Include="Code\Debug.h" />
    <ClInclude Include="Code\Engine.h" />
    <ClInclude Include="Code\Asset\FBXImporter.h" />
    <ClInclude Include="Code\Input.h" />
    <ClInclude Include="Code\VMath.h" />
    <ClInclude Include="Code\Profile.h" />
    <ClInclude Include="Code\Serialiser.h" />
    <ClInclude Include="Code\Properties.h" />
    <ClInclude Include="Code\TimerSystem.h" />
    <ClInclude Include="Code\Transform.h" />
    <ClInclude Include="Code\UI\UISystem.h" />
    <ClInclude Include="Code\Editor\TransformGizmo.h" />
    <ClInclude Include="Code\World.h" />
    <ClInclude Include="Code\WorldEditor.h" />
    <ClInclude Include="Code\Editor\ImGuizmo\ImGuizmo.h">
      <Filter>Header Files</Filter>
    </ClInclude>
    <ClInclude Include="Code\Editor\imgui\imconfig.h">
      <Filter>Header Files</Filter>
    </ClInclude>
    <ClInclude Include="Code\Editor\imgui\imgui.h">
      <Filter>Header Files</Filter>
    </ClInclude>
    <ClInclude Include="Code\Editor\imgui\imgui_internal.h">
      <Filter>Header Files</Filter>
    </ClInclude>
    <ClInclude Include="Code\Editor\imgui\imstb_rectpack.h">
      <Filter>Header Files</Filter>
    </ClInclude>
    <ClInclude Include="Code\Editor\imgui\imstb_textedit.h">
      <Filter>Header Files</Filter>
    </ClInclude>
    <ClInclude Include="Code\Editor\imgui\imstb_truetype.h">
      <Filter>Header Files</Filter>
    </ClInclude>
    <ClInclude Include="Code\Editor\PropertyWidgets\BoolWidget.h">
      <Filter>Header Files</Filter>
    </ClInclude>
    <ClInclude Include="Code\Editor\PropertyWidgets\FloatWidget.h">
      <Filter>Header Files</Filter>
    </ClInclude>
    <ClInclude Include="Code\Editor\PropertyWidgets\IntWidget.h">
      <Filter>Header Files</Filter>
    </ClInclude>
    <ClInclude Include="Code\Editor\PropertyWidgets\VectorWidget.h">
      <Filter>Header Files</Filter>
    </ClInclude>
    <ClInclude Include="Code\Animation\AnimationStructures.h">
      <Filter>Header Files</Filter>
    </ClInclude>
    <ClInclude Include="Code\UI\Widget.h">
      <Filter>Header Files</Filter>
    </ClInclude>
    <ClInclude Include="Code\VString.h">
      <Filter>Header Files</Filter>
    </ClInclude>
    <ClInclude Include="Code\SystemStates.h">
      <Filter>Header Files</Filter>
    </ClInclude>
    <ClInclude Include="Code\Components\SpatialComponent.h">
      <Filter>Header Files</Filter>
    </ClInclude>
    <ClInclude Include="Code\DebugActors\DebugBox.h">
      <Filter>Header Files</Filter>
    </ClInclude>
    <ClInclude Include="Code\Editor\PropertyWidgets\Float3Widget.h">
      <Filter>Header Files</Filter>
    </ClInclude>
    <ClInclude Include="Code\Editor\PropertyWidgets\IPropertyWidget.h">
      <Filter>Header Files</Filter>
    </ClInclude>
    <ClInclude Include="Code\FileSystem.h">
      <Filter>Header Files</Filter>
    </ClInclude>
    <ClInclude Include="Code\Components\InstanceMeshComponent.h">
      <Filter>Header Files</Filter>
    </ClInclude>
    <ClInclude Include="Code\Editor\PropertyWidgets\SpinBox.h">
      <Filter>Header Files</Filter>
    </ClInclude>
    <ClInclude Include="Code\Actors\MeshActor.h">
      <Filter>Header Files</Filter>
    </ClInclude>
    <ClInclude Include="Code\Components\ComponentSystemCache.h">
      <Filter>Header Files</Filter>
    </ClInclude>
    <ClInclude Include="Code\Editor\SystemDock.h">
      <Filter>Header Files</Filter>
    </ClInclude>
    <ClInclude Include="Code\Editor\PropertyWidgets\StringWidget.h">
      <Filter>Header Files</Filter>
    </ClInclude>
    <ClInclude Include="Code\Components\BoxTriggerComponent.h">
      <Filter>Header Files</Filter>
    </ClInclude>
    <ClInclude Include="Code\Render\Material.h">
      <Filter>Header Files</Filter>
    </ClInclude>
    <ClInclude Include="Code\Render\TextureSystem.h">
      <Filter>Header Files</Filter>
    </ClInclude>
    <ClInclude Include="Code\Render\RenderUtils.h">
      <Filter>Header Files</Filter>
    </ClInclude>
    <ClInclude Include="Code\Render\MaterialSystem.h">
      <Filter>Header Files</Filter>
    </ClInclude>
    <ClInclude Include="Code\Editor\PropertyWidgets\Float2Widget.h">
      <Filter>Header Files</Filter>
    </ClInclude>
    <ClInclude Include="Code\Components\Lights\DirectionalLightComponent.h">
      <Filter>Header Files</Filter>
    </ClInclude>
    <ClInclude Include="Code\Actors\DirectionalLightActor.h">
      <Filter>Header Files</Filter>
    </ClInclude>
    <ClInclude Include="Code\DebugActors\DebugSphere.h">
      <Filter>Header Files</Filter>
    </ClInclude>
    <ClInclude Include="Code\Editor\PropertyWidgets\Float4Widget.h">
      <Filter>Header Files</Filter>
    </ClInclude>
    <ClInclude Include="Code\Components\Lights\PointLightComponent.h">
      <Filter>Header Files</Filter>
    </ClInclude>
    <ClInclude Include="Code\DebugActors\DebugIcoSphere.h">
      <Filter>Header Files</Filter>
    </ClInclude>
    <ClInclude Include="Code\Actors\PointLightActor.h">
      <Filter>Header Files</Filter>
    </ClInclude>
    <ClInclude Include="Code\Components\Lights\SpotLightComponent.h">
      <Filter>Header Files</Filter>
    </ClInclude>
    <ClInclude Include="Code\Actors\SpotLightActor.h">
      <Filter>Header Files</Filter>
    </ClInclude>
    <ClInclude Include="Code\DebugActors\DebugCone.h">
      <Filter>Header Files</Filter>
    </ClInclude>
    <ClInclude Include="Code\Actors\Player.h">
      <Filter>Header Files</Filter>
    </ClInclude>
    <ClInclude Include="Code\GameUtils.h">
      <Filter>Header Files</Filter>
    </ClInclude>
    <ClInclude Include="Code\Editor\PropertyWidgets\Texture2DWidget.h">
      <Filter>Header Files</Filter>
    </ClInclude>
    <ClInclude Include="Code\Actors\EntranceTrigger.h">
      <Filter>Header Files</Filter>
    </ClInclude>
    <ClInclude Include="Code\DebugActors\DebugCamera.h">
      <Filter>Header Files</Filter>
    </ClInclude>
    <ClInclude Include="Code\Render\ShadowMap.h">
      <Filter>Header Files</Filter>
    </ClInclude>
    <ClInclude Include="Code\Components\DialogueComponent.h">
      <Filter>Header Files</Filter>
    </ClInclude>
    <ClInclude Include="Code\Actors\InteractTrigger.h">
      <Filter>Header Files</Filter>
    </ClInclude>
    <ClInclude Include="Code\Editor\DialogueDock.h">
      <Filter>Header Files</Filter>
    </ClInclude>
    <ClInclude Include="Code\Actors\NPC.h">
      <Filter>Header Files</Filter>
    </ClInclude>
    <ClInclude Include="Code\DialogueStructures.h">
      <Filter>Header Files</Filter>
    </ClInclude>
    <ClInclude Include="Code\Actors\DialogueInstance.h">
      <Filter>Header Files</Filter>
    </ClInclude>
    <ClInclude Include="Code\Components\EmptyComponent.h">
      <Filter>Header Files</Filter>
    </ClInclude>
    <ClInclude Include="Code\Components\WidgetComponent.h">
      <Filter>Header Files</Filter>
    </ClInclude>
    <ClInclude Include="Code\GameInstance.h">
      <Filter>Header Files</Filter>
    </ClInclude>
    <ClInclude Include="Code\UI\SpriteSystem.h">
      <Filter>Header Files</Filter>
    </ClInclude>
    <ClInclude Include="Code\Actors\Billboard.h">
      <Filter>Header Files</Filter>
    </ClInclude>
    <ClInclude Include="Code\Actors\BattleGrid.h">
      <Filter>Header Files</Filter>
    </ClInclude>
    <ClInclude Include="Code\GridNode.h">
      <Filter>Header Files</Filter>
    </ClInclude>
    <ClInclude Include="Code\Actors\Unit.h">
      <Filter>Header Files</Filter>
    </ClInclude>
    <ClInclude Include="Code\VMemory.h">
      <Filter>Header Files</Filter>
    </ClInclude>
    <ClInclude Include="Code\Audio\AudioBase.h">
      <Filter>Header Files</Filter>
    </ClInclude>
    <ClInclude Include="Code\Audio\AudioChannel.h">
      <Filter>Header Files</Filter>
    </ClInclude>
    <ClInclude Include="Code\Components\AudioComponent.h">
      <Filter>Header Files</Filter>
    </ClInclude>
    <ClInclude Include="Code\Actors\AudioActor.h">
      <Filter>Header Files</Filter>
    </ClInclude>
    <ClInclude Include="Code\System.h">
      <Filter>Header Files</Filter>
    </ClInclude>
    <ClInclude Include="Code\Actors\SavePoint.h">
      <Filter>Header Files</Filter>
    </ClInclude>
    <ClInclude Include="Code\Actors\GameEvent.h">
      <Filter>Header Files</Filter>
    </ClInclude>
    <ClInclude Include="Code\Editor\PropertyWidgets\ActorListWidget.h">
      <Filter>Header Files</Filter>
    </ClInclude>
    <ClInclude Include="Code\SystemCache.h">
      <Filter>Header Files</Filter>
    </ClInclude>
    <ClInclude Include="Code\ConditionSystem.h">
      <Filter>Header Files</Filter>
    </ClInclude>
    <ClInclude Include="Code\Asset\MeshAssetHeader.h">
      <Filter>Header Files</Filter>
    </ClInclude>
    <ClInclude Include="Code\Asset\AssetSystem.h">
      <Filter>Header Files</Filter>
    </ClInclude>
    <ClInclude Include="Code\ThreadSystem.h">
      <Filter>Header Files</Filter>
    </ClInclude>
    <ClInclude Include="Code\Editor\PropertyWidgets\TransformWidget.h">
      <Filter>Header Files</Filter>
    </ClInclude>
    <ClInclude Include="Code\Particle\Particle.h">
      <Filter>Header Files</Filter>
    </ClInclude>
    <ClInclude Include="Code\Particle\ParticleEmitter.h">
      <Filter>Header Files</Filter>
    </ClInclude>
    <ClInclude Include="Code\Particle\ParticleSystem.h">
      <Filter>Header Files</Filter>
    </ClInclude>
  </ItemGroup>
  <ItemGroup>
    <None Include="packages.config" />
    <None Include="cpp.hint" />
  </ItemGroup>
  <ItemGroup>
    <FxCompile Include="Code\Render\Shaders\SolidColour.hlsl" />
    <FxCompile Include="Code\Render\Shaders\DefaultShader.hlsl" />
    <FxCompile Include="Code\Render\Shaders\Include\CommonTypes.hlsli" />
    <FxCompile Include="Code\Render\Shaders\InstanceShader.hlsl" />
  </ItemGroup>
</Project>