<?xml version="1.0" encoding="utf-8"?>
<Project ToolsVersion="4.0" xmlns="http://schemas.microsoft.com/developer/msbuild/2003">
  <ItemGroup>
    <Filter Include="Source Files">
      <UniqueIdentifier>{4FC737F1-C7A5-4376-A066-2A32D752A2FF}</UniqueIdentifier>
      <Extensions>cpp;c;cc;cxx;def;odl;idl;hpj;bat;asm;asmx</Extensions>
    </Filter>
    <Filter Include="Header Files">
      <UniqueIdentifier>{93995380-89BD-4b04-88EB-625FBE52EBFB}</UniqueIdentifier>
      <Extensions>h;hh;hpp;hxx;hm;inl;inc;xsd</Extensions>
    </Filter>
    <Filter Include="Resource Files">
      <UniqueIdentifier>{67DA6AB6-F800-4c08-8B7A-83BB121AAD01}</UniqueIdentifier>
      <Extensions>qrc;rc;ico;cur;bmp;dlg;rc2;rct;bin;rgs;gif;jpg;jpeg;jpe;resx;tiff;tif;png;wav;mfcribbon-ms</Extensions>
    </Filter>
    <Filter Include="Form Files">
      <UniqueIdentifier>{99349809-55BA-4b9d-BF79-8FDBB0286EB3}</UniqueIdentifier>
      <Extensions>ui</Extensions>
    </Filter>
    <Filter Include="Translation Files">
      <UniqueIdentifier>{639EADAA-A684-42e4-A9AD-28FC9BCB8F7C}</UniqueIdentifier>
      <Extensions>ts</Extensions>
    </Filter>
  </ItemGroup>
  <ItemGroup>
    <ClCompile Include="Code\Editor\imgui\backends\imgui_impl_win32.cpp">
      <Filter>Source Files</Filter>
    </ClCompile>
    <ClCompile Include="Code\Editor\imgui\backends\imgui_impl_dx11.cpp">
      <Filter>Source Files</Filter>
    </ClCompile>
    <ClCompile Include="Code\Render\Renderer.cpp">
      <Filter>Source Files</Filter>
    </ClCompile>
    <ClCompile Include="Code\Engine.cpp">
      <Filter>Source Files</Filter>
    </ClCompile>
    <ClCompile Include="Code\Core.cpp">
      <Filter>Source Files</Filter>
    </ClCompile>
    <ClCompile Include="Code\Editor\DebugMenu.cpp">
      <Filter>Source Files</Filter>
    </ClCompile>
    <ClCompile Include="Code\FBXImporter.cpp">
      <Filter>Source Files</Filter>
    </ClCompile>
    <ClCompile Include="Code\Input.cpp">
      <Filter>Source Files</Filter>
    </ClCompile>
    <ClCompile Include="Code\Profile.cpp">
      <Filter>Source Files</Filter>
    </ClCompile>
    <ClCompile Include="Code\Serialiser.cpp">
      <Filter>Source Files</Filter>
    </ClCompile>
    <ClCompile Include="Code\TimerSystem.cpp">
      <Filter>Source Files</Filter>
    </ClCompile>
    <ClCompile Include="Code\Transform.cpp">
      <Filter>Source Files</Filter>
    </ClCompile>
    <ClCompile Include="Code\TransformGizmo.cpp">
      <Filter>Source Files</Filter>
    </ClCompile>
    <ClCompile Include="Code\Physics\Raycast.cpp">
      <Filter>Source Files</Filter>
    </ClCompile>
    <ClCompile Include="Code\WorldEditor.cpp">
      <Filter>Source Files</Filter>
    </ClCompile>
    <ClCompile Include="Code\UI\UISystem.cpp">
      <Filter>Source Files</Filter>
    </ClCompile>
    <ClCompile Include="Code\Editor\AssetDock.cpp">
      <Filter>Source Files</Filter>
    </ClCompile>
    <ClCompile Include="Code\Editor\LogDock.cpp">
      <Filter>Source Files</Filter>
    </ClCompile>
    <ClCompile Include="Code\Editor\EditorMainWindow.cpp">
      <Filter>Source Files</Filter>
    </ClCompile>
    <ClCompile Include="Code\Editor\QtEditor.cpp">
      <Filter>Source Files</Filter>
    </ClCompile>
    <ClCompile Include="Code\Editor\RenderViewWidget.cpp">
      <Filter>Source Files</Filter>
    </ClCompile>
    <ClCompile Include="Code\Editor\Win32Editor.cpp">
      <Filter>Source Files</Filter>
    </ClCompile>
    <ClCompile Include="Code\Editor\WorldDock.cpp">
      <Filter>Source Files</Filter>
    </ClCompile>
    <ClCompile Include="Code\Audio\AudioSystem.cpp">
      <Filter>Source Files</Filter>
    </ClCompile>
    <ClCompile Include="Code\Editor\Console.cpp">
      <Filter>Source Files</Filter>
    </ClCompile>
    <ClCompile Include="Code\Editor\PropertiesDock.cpp">
      <Filter>Source Files</Filter>
    </ClCompile>
    <ClCompile Include="Code\Math.cpp">
      <Filter>Source Files</Filter>
    </ClCompile>
    <ClCompile Include="Code\Editor\ToolbarDock.cpp">
      <Filter>Source Files</Filter>
    </ClCompile>
    <ClCompile Include="Code\World.cpp">
      <Filter>Source Files</Filter>
    </ClCompile>
    <ClCompile Include="Code\Commands\CommandSystem.cpp">
      <Filter>Source Files</Filter>
    </ClCompile>
    <ClCompile Include="Code\Components\MeshComponent.cpp">
      <Filter>Source Files</Filter>
    </ClCompile>
    <ClCompile Include="Code\Render\ShaderSystem.cpp">
      <Filter>Source Files</Filter>
    </ClCompile>
    <ClCompile Include="Code\Debug.cpp">
      <Filter>Source Files</Filter>
    </ClCompile>
    <ClCompile Include="Code\Camera.cpp">
      <Filter>Source Files</Filter>
    </ClCompile>
    <ClCompile Include="Code\Editor\ImGuizmo\ImGuizmo.cpp">
      <Filter>Source Files</Filter>
    </ClCompile>
    <ClCompile Include="Code\Editor\imgui\imgui.cpp">
      <Filter>Source Files</Filter>
    </ClCompile>
    <ClCompile Include="Code\Editor\imgui\imgui_draw.cpp">
      <Filter>Source Files</Filter>
    </ClCompile>
    <ClCompile Include="Code\Editor\imgui\imgui_tables.cpp">
      <Filter>Source Files</Filter>
    </ClCompile>
    <ClCompile Include="Code\Editor\imgui\imgui_widgets.cpp">
      <Filter>Source Files</Filter>
    </ClCompile>
    <ClCompile Include="Code\Editor\Editor.cpp">
      <Filter>Source Files</Filter>
    </ClCompile>
    <ClCompile Include="Code\Actors\Actor.cpp">
      <Filter>Source Files</Filter>
    </ClCompile>
    <ClCompile Include="Code\Editor\PropertyWidgets\BoolWidget.cpp">
      <Filter>Source Files</Filter>
    </ClCompile>
    <ClCompile Include="Code\Editor\PropertyWidgets\Float3Widget.cpp">
      <Filter>Source Files</Filter>
    </ClCompile>
    <ClCompile Include="Code\Editor\PropertyWidgets\FloatWidget.cpp">
      <Filter>Source Files</Filter>
    </ClCompile>
    <ClCompile Include="Code\Editor\PropertyWidgets\IntWidget.cpp">
      <Filter>Source Files</Filter>
    </ClCompile>
    <ClCompile Include="Code\Editor\PropertyWidgets\VectorWidget.cpp">
      <Filter>Source Files</Filter>
    </ClCompile>
    <ClCompile Include="Code\Animation\AnimationStructures.cpp">
      <Filter>Source Files</Filter>
    </ClCompile>
    <ClCompile Include="Widget.cpp">
      <Filter>Source Files</Filter>
    </ClCompile>
  </ItemGroup>
  <ItemGroup>
    <ClCompile Include="Code\main.cpp">
      <Filter>Source Files</Filter>
    </ClCompile>
  </ItemGroup>
  <ItemGroup>
    <ClInclude Include="Code\Editor\imgui_forward_declare.h">
      <Filter>Header Files</Filter>
    </ClInclude>
    <ClInclude Include="Code\Editor\imgui\backends\imgui_impl_win32.h">
      <Filter>Header Files</Filter>
    </ClInclude>
    <ClInclude Include="Code\Editor\imgui\backends\imgui_impl_dx11.h">
      <Filter>Header Files</Filter>
    </ClInclude>
    <ClInclude Include="Code\Render\PipelineObjects.h" />
    <ClInclude Include="Code\Render\Renderer.h" />
    <ClInclude Include="Code\Render\RenderTypes.h" />
    <ClInclude Include="Code\Render\ShaderSystem.h" />
    <ClInclude Include="Code\Physics\Raycast.h" />
    <ClInclude Include="Code\Editor\AssetDock.h" />
    <ClInclude Include="Code\Editor\Console.h" />
    <ClInclude Include="Code\Editor\DebugMenu.h" />
    <ClInclude Include="Code\Editor\Editor.h" />
    <ClInclude Include="Code\Editor\EditorMainWindow.h" />
    <ClInclude Include="Code\Editor\IEditor.h" />
    <ClInclude Include="Code\Editor\LogDock.h" />
    <ClInclude Include="Code\Editor\PropertiesDock.h" />
    <ClInclude Include="Code\Editor\QtEditor.h" />
    <ClInclude Include="Code\Editor\RenderViewWidget.h" />
    <ClInclude Include="Code\Editor\ToolbarDock.h" />
    <ClInclude Include="Code\Editor\Win32Editor.h" />
    <ClInclude Include="Code\Editor\WorldDock.h" />
    <ClInclude Include="Code\Components\Component.h" />
    <ClInclude Include="Code\Components\ComponentSystem.h" />
    <ClInclude Include="Code\Components\IComponentSystem.h" />
    <ClInclude Include="Code\Components\MeshComponent.h" />
    <ClInclude Include="Code\Commands\CommandSystem.h" />
    <ClInclude Include="Code\Commands\Float3Command.h" />
    <ClInclude Include="Code\Commands\ICommand.h" />
    <ClInclude Include="Code\Audio\AudioSystem.h" />
    <ClInclude Include="Code\Actors\Actor.h" />
    <ClInclude Include="Code\Actors\ActorSystem.h" />
    <ClInclude Include="Code\Actors\ActorSystemCache.h" />
    <ClInclude Include="Code\Actors\IActorSystem.h" />
    <ClInclude Include="Code\Camera.h" />
    <ClInclude Include="Code\Core.h" />
    <ClInclude Include="Code\Debug.h" />
    <ClInclude Include="Code\Engine.h" />
    <ClInclude Include="Code\FBXImporter.h" />
    <ClInclude Include="Code\Input.h" />
    <ClInclude Include="Code\Math.h" />
    <ClInclude Include="Code\Profile.h" />
    <ClInclude Include="Code\Serialiser.h" />
    <ClInclude Include="Code\Properties.h" />
    <ClInclude Include="Code\TimerSystem.h" />
    <ClInclude Include="Code\Transform.h" />
    <ClInclude Include="Code\UI\UISystem.h" />
    <ClInclude Include="Code\TransformGizmo.h" />
    <ClInclude Include="Code\World.h" />
    <ClInclude Include="Code\WorldEditor.h" />
    <ClInclude Include="Code\Editor\ImGuizmo\ImGuizmo.h">
      <Filter>Header Files</Filter>
    </ClInclude>
    <ClInclude Include="Code\Editor\imgui\imconfig.h">
      <Filter>Header Files</Filter>
    </ClInclude>
    <ClInclude Include="Code\Editor\imgui\imgui.h">
      <Filter>Header Files</Filter>
    </ClInclude>
    <ClInclude Include="Code\Editor\imgui\imgui_internal.h">
      <Filter>Header Files</Filter>
    </ClInclude>
    <ClInclude Include="Code\Editor\imgui\imstb_rectpack.h">
      <Filter>Header Files</Filter>
    </ClInclude>
    <ClInclude Include="Code\Editor\imgui\imstb_textedit.h">
      <Filter>Header Files</Filter>
    </ClInclude>
    <ClInclude Include="Code\Editor\imgui\imstb_truetype.h">
      <Filter>Header Files</Filter>
    </ClInclude>
    <ClInclude Include="Code\Editor\PropertyWidgets\BoolWidget.h">
      <Filter>Header Files</Filter>
    </ClInclude>
    <ClInclude Include="Code\Editor\PropertyWidgets\Float3Widget.h">
      <Filter>Header Files</Filter>
    </ClInclude>
    <ClInclude Include="Code\Editor\PropertyWidgets\FloatWidget.h">
      <Filter>Header Files</Filter>
    </ClInclude>
    <ClInclude Include="Code\Editor\PropertyWidgets\IntWidget.h">
      <Filter>Header Files</Filter>
    </ClInclude>
    <ClInclude Include="Code\Editor\PropertyWidgets\VectorWidget.h">
      <Filter>Header Files</Filter>
    </ClInclude>
    <ClInclude Include="Code\Animation\AnimationStructures.h">
      <Filter>Header Files</Filter>
    </ClInclude>
    <ClInclude Include="Widget.h">
      <Filter>Header Files</Filter>
    </ClInclude>
  </ItemGroup>
  <ItemGroup>
    <None Include="Code\Render\Shaders\CommonTypes.hlsli" />
    <None Include="Code\Render\Shaders\DefaultShader.hlsl" />
    <None Include="packages.config" />
  </ItemGroup>
</Project>